
Microsoft Visual Studio Solution File, Format Version 12.00
# Visual Studio Version 17
VisualStudioVersion = 17.8.34525.116
MinimumVisualStudioVersion = 10.0.40219.1
Project("{2150E333-8FDC-42A3-9474-1A3956D46DE8}") = "src", "src", "{2A60A5AE-0916-472D-98E2-23C69CE36D91}"
EndProject
Project("{2150E333-8FDC-42A3-9474-1A3956D46DE8}") = "tests", "tests", "{8344765A-6DA6-4788-90BC-3C4838A2BF75}"
EndProject
Project("{9A19103F-16F7-4668-BE54-9A1E7A4F7556}") = "OsonCommerce.Application", "src\OsonCommerce.Application\OsonCommerce.Application.csproj", "{9E3208A9-F914-48FE-9082-E4899DAB3A30}"
EndProject
Project("{9A19103F-16F7-4668-BE54-9A1E7A4F7556}") = "OsonCommerce.Domain", "src\OsonCommerce.Domain\OsonCommerce.Domain.csproj", "{608B7C33-C640-418F-982E-E76733F543C9}"
EndProject
Project("{9A19103F-16F7-4668-BE54-9A1E7A4F7556}") = "OsonCommerce.Infrastructure", "src\OsonCommerce.Infrastructure\OsonCommerce.Infrastructure.csproj", "{2E28EEF8-4EC1-4F56-8319-81CBB0A0321E}"
EndProject
Project("{9A19103F-16F7-4668-BE54-9A1E7A4F7556}") = "OsonCommerce.Web", "src\OsonCommerce.Web\OsonCommerce.Web.csproj", "{C790C2A7-7C88-43BE-B35C-AFADF0F60BDA}"
EndProject
Global
	GlobalSection(SolutionConfigurationPlatforms) = preSolution
		Debug|Any CPU = Debug|Any CPU
		Release|Any CPU = Release|Any CPU
	EndGlobalSection
	GlobalSection(ProjectConfigurationPlatforms) = postSolution
		{9E3208A9-F914-48FE-9082-E4899DAB3A30}.Debug|Any CPU.ActiveCfg = Debug|Any CPU
		{9E3208A9-F914-48FE-9082-E4899DAB3A30}.Debug|Any CPU.Build.0 = Debug|Any CPU
		{9E3208A9-F914-48FE-9082-E4899DAB3A30}.Release|Any CPU.ActiveCfg = Release|Any CPU
		{9E3208A9-F914-48FE-9082-E4899DAB3A30}.Release|Any CPU.Build.0 = Release|Any CPU
		{608B7C33-C640-418F-982E-E76733F543C9}.Debug|Any CPU.ActiveCfg = Debug|Any CPU
		{608B7C33-C640-418F-982E-E76733F543C9}.Debug|Any CPU.Build.0 = Debug|Any CPU
		{608B7C33-C640-418F-982E-E76733F543C9}.Release|Any CPU.ActiveCfg = Release|Any CPU
		{608B7C33-C640-418F-982E-E76733F543C9}.Release|Any CPU.Build.0 = Release|Any CPU
		{2E28EEF8-4EC1-4F56-8319-81CBB0A0321E}.Debug|Any CPU.ActiveCfg = Debug|Any CPU
		{2E28EEF8-4EC1-4F56-8319-81CBB0A0321E}.Debug|Any CPU.Build.0 = Debug|Any CPU
		{2E28EEF8-4EC1-4F56-8319-81CBB0A0321E}.Release|Any CPU.ActiveCfg = Release|Any CPU
		{2E28EEF8-4EC1-4F56-8319-81CBB0A0321E}.Release|Any CPU.Build.0 = Release|Any CPU
		{C790C2A7-7C88-43BE-B35C-AFADF0F60BDA}.Debug|Any CPU.ActiveCfg = Debug|Any CPU
		{C790C2A7-7C88-43BE-B35C-AFADF0F60BDA}.Debug|Any CPU.Build.0 = Debug|Any CPU
		{C790C2A7-7C88-43BE-B35C-AFADF0F60BDA}.Release|Any CPU.ActiveCfg = Release|Any CPU
		{C790C2A7-7C88-43BE-B35C-AFADF0F60BDA}.Release|Any CPU.Build.0 = Release|Any CPU
	EndGlobalSection
	GlobalSection(SolutionProperties) = preSolution
		HideSolutionNode = FALSE
	EndGlobalSection
	GlobalSection(NestedProjects) = preSolution
		{9E3208A9-F914-48FE-9082-E4899DAB3A30} = {2A60A5AE-0916-472D-98E2-23C69CE36D91}
		{608B7C33-C640-418F-982E-E76733F543C9} = {2A60A5AE-0916-472D-98E2-23C69CE36D91}
		{2E28EEF8-4EC1-4F56-8319-81CBB0A0321E} = {2A60A5AE-0916-472D-98E2-23C69CE36D91}
		{C790C2A7-7C88-43BE-B35C-AFADF0F60BDA} = {2A60A5AE-0916-472D-98E2-23C69CE36D91}
	EndGlobalSection
	GlobalSection(ExtensibilityGlobals) = postSolution
		SolutionGuid = {47A64F66-D953-4020-854E-5427275B4533}
	EndGlobalSection
EndGlobal
